
Microsoft Visual Studio Solution File, Format Version 12.00
# Visual Studio Version 17
VisualStudioVersion = 17.10.35013.160
MinimumVisualStudioVersion = 10.0.40219.1
Project("{FAE04EC0-301F-11D3-BF4B-00C04F79EFBC}") = "AppSaresp_2024", "AppSaresp_2024\AppSaresp_2024.csproj", "{38339673-B87A-4CFA-BD54-E631575B6EB9}"
EndProject
Global
	GlobalSection(SolutionConfigurationPlatforms) = preSolution
		Debug|Any CPU = Debug|Any CPU
		Release|Any CPU = Release|Any CPU
	EndGlobalSection
	GlobalSection(ProjectConfigurationPlatforms) = postSolution
		{38339673-B87A-4CFA-BD54-E631575B6EB9}.Debug|Any CPU.ActiveCfg = Debug|Any CPU
		{38339673-B87A-4CFA-BD54-E631575B6EB9}.Debug|Any CPU.Build.0 = Debug|Any CPU
		{38339673-B87A-4CFA-BD54-E631575B6EB9}.Release|Any CPU.ActiveCfg = Release|Any CPU
		{38339673-B87A-4CFA-BD54-E631575B6EB9}.Release|Any CPU.Build.0 = Release|Any CPU
	EndGlobalSection
	GlobalSection(SolutionProperties) = preSolution
		HideSolutionNode = FALSE
	EndGlobalSection
	GlobalSection(ExtensibilityGlobals) = postSolution
		SolutionGuid = {5A772C51-718B-4CDF-8091-0D3AF03E578D}
	EndGlobalSection
EndGlobal
